{
  "name": "app2",
  "version": "1.0.0",
  "lockfileVersion": 2,
  "requires": true,
  "packages": {
    "": {
      "name": "app2",
      "version": "1.0.0",
      "hasInstallScript": true,
      "license": "ISC",
      "dependencies": {
        "libA": "../libA",
        "libB": "../libB"
      }
    },
    "../libA": {
      "version": "1.0.0",
      "hasInstallScript": true,
      "license": "ISC",
      "dependencies": {
        "libB": "../libB"
      }
    },
    "../libA/node_modules/libB": {
      "resolved": "../libB",
      "link": true
    },
    "../libB": {
      "version": "1.0.0",
      "license": "ISC"
    },
    "node_modules/libA": {
      "resolved": "../libA",
      "link": true
    },
    "node_modules/libB": {
      "resolved": "../libB",
      "link": true
    }
  },
  "dependencies": {
    "libA": {
      "version": "file:../libA",
      "requires": {
        "libB": "../libB"
      },
      "dependencies": {
        "libB": {
          "version": "file:../libB"
        }
      }
    },
    "libB": {
      "version": "file:../libB"
    }
  }
}
