{
  "name": "libA",
  "version": "1.0.0",
  "lockfileVersion": 2,
  "requires": true,
  "packages": {
    "": {
      "name": "libA",
      "version": "1.0.0",
      "hasInstallScript": true,
      "license": "ISC",
      "dependencies": {
        "libB": "../libB"
      }
    },
    "../libB": {
      "version": "1.0.0",
      "license": "ISC"
    },
    "node_modules/libB": {
      "resolved": "../libB",
      "link": true
    }
  },
  "dependencies": {
    "libB": {
      "version": "file:../libB"
    }
  }
}
